{
  "name": "mr",
  "lockfileVersion": 3,
  "requires": true,
  "packages": {
    "": {
      "dependencies": {
        "hugeicons-react": "^0.4.0"
      }
    },
    "node_modules/@hugeicons/core-free-icons": {
      "version": "3.1.1",
      "resolved": "https://registry.npmjs.org/@hugeicons/core-free-icons/-/core-free-icons-3.1.1.tgz",
      "integrity": "sha512-UpS2lUQFi5sKyJSWwM6rO+BnPLvVz1gsyCpPHeZyVuZqi89YH8ksliza4cwaODqKOZyeXmG8juo1ty4QtQofkg==",
      "license": "MIT"
    },
    "node_modules/@hugeicons/react": {
      "version": "1.1.5",
      "resolved": "https://registry.npmjs.org/@hugeicons/react/-/react-1.1.5.tgz",
      "integrity": "sha512-JX/iDz3oO7hWdVqbjwFwRrAjHk8h2vI+mBkNzp4JcXG3t4idoupfjon73nLOA7cr27m0M8hrRC1Q2h6nEBGKVA==",
      "license": "MIT",
      "peerDependencies": {
        "react": ">=16.0.0"
      }
    },
    "node_modules/hugeicons-react": {
      "version": "0.4.0",
      "resolved": "https://registry.npmjs.org/hugeicons-react/-/hugeicons-react-0.4.0.tgz",
      "integrity": "sha512-HA2UI3VkDd1dNi9P4JGjaMODdGEs4QVMwQcc34W0aoGHptdsIex/756Jik4GFYN/023jGFKNVvQKhx2IpZtV+g==",
      "license": "CC0-1.0",
      "dependencies": {
        "@hugeicons/core-free-icons": "^3.1.1",
        "@hugeicons/react": "^1.1.4"
      },
      "peerDependencies": {
        "react": ">=16.0.0"
      }
    },
    "node_modules/react": {
      "version": "19.2.4",
      "resolved": "https://registry.npmjs.org/react/-/react-19.2.4.tgz",
      "integrity": "sha512-9nfp2hYpCwOjAN+8TZFGhtWEwgvWHXqESH8qT89AT/lWklpLON22Lc8pEtnpsZz7VmawabSU0gCjnj8aC0euHQ==",
      "license": "MIT",
      "peer": true,
      "engines": {
        "node": ">=0.10.0"
      }
    }
  }
}
